
Microsoft Visual Studio Solution File, Format Version 12.00
# Visual Studio Version 17
VisualStudioVersion = 17.10.35027.167
MinimumVisualStudioVersion = 10.0.40219.1
Project("{9A19103F-16F7-4668-BE54-9A1E7A4F7556}") = "usecase-resolver-poc", "usecase-resolver-poc\usecase-resolver-poc.csproj", "{943E45C8-79A2-4626-AF57-E5645EFD0537}"
EndProject
Project("{9A19103F-16F7-4668-BE54-9A1E7A4F7556}") = "Domain", "Domain\Domain.csproj", "{68DF6A5B-02F3-41C6-B763-F4196F882361}"
EndProject
Project("{9A19103F-16F7-4668-BE54-9A1E7A4F7556}") = "Application", "Application\Application.csproj", "{3A4B343E-A225-418F-9FA9-4447962520B0}"
EndProject
Project("{FAE04EC0-301F-11D3-BF4B-00C04F79EFBC}") = "UCMediator", "UCMediator\UCMediator.csproj", "{B23BA708-604F-401F-A276-7E1B16A557B9}"
EndProject
Global
	GlobalSection(SolutionConfigurationPlatforms) = preSolution
		Debug|Any CPU = Debug|Any CPU
		Release|Any CPU = Release|Any CPU
	EndGlobalSection
	GlobalSection(ProjectConfigurationPlatforms) = postSolution
		{943E45C8-79A2-4626-AF57-E5645EFD0537}.Debug|Any CPU.ActiveCfg = Debug|Any CPU
		{943E45C8-79A2-4626-AF57-E5645EFD0537}.Debug|Any CPU.Build.0 = Debug|Any CPU
		{943E45C8-79A2-4626-AF57-E5645EFD0537}.Release|Any CPU.ActiveCfg = Release|Any CPU
		{943E45C8-79A2-4626-AF57-E5645EFD0537}.Release|Any CPU.Build.0 = Release|Any CPU
		{68DF6A5B-02F3-41C6-B763-F4196F882361}.Debug|Any CPU.ActiveCfg = Debug|Any CPU
		{68DF6A5B-02F3-41C6-B763-F4196F882361}.Debug|Any CPU.Build.0 = Debug|Any CPU
		{68DF6A5B-02F3-41C6-B763-F4196F882361}.Release|Any CPU.ActiveCfg = Release|Any CPU
		{68DF6A5B-02F3-41C6-B763-F4196F882361}.Release|Any CPU.Build.0 = Release|Any CPU
		{3A4B343E-A225-418F-9FA9-4447962520B0}.Debug|Any CPU.ActiveCfg = Debug|Any CPU
		{3A4B343E-A225-418F-9FA9-4447962520B0}.Debug|Any CPU.Build.0 = Debug|Any CPU
		{3A4B343E-A225-418F-9FA9-4447962520B0}.Release|Any CPU.ActiveCfg = Release|Any CPU
		{3A4B343E-A225-418F-9FA9-4447962520B0}.Release|Any CPU.Build.0 = Release|Any CPU
		{B23BA708-604F-401F-A276-7E1B16A557B9}.Debug|Any CPU.ActiveCfg = Debug|Any CPU
		{B23BA708-604F-401F-A276-7E1B16A557B9}.Debug|Any CPU.Build.0 = Debug|Any CPU
		{B23BA708-604F-401F-A276-7E1B16A557B9}.Release|Any CPU.ActiveCfg = Release|Any CPU
		{B23BA708-604F-401F-A276-7E1B16A557B9}.Release|Any CPU.Build.0 = Release|Any CPU
	EndGlobalSection
	GlobalSection(SolutionProperties) = preSolution
		HideSolutionNode = FALSE
	EndGlobalSection
	GlobalSection(ExtensibilityGlobals) = postSolution
		SolutionGuid = {77FEF80B-058B-4DC3-82F9-B0B273088E7B}
	EndGlobalSection
EndGlobal
